
Microsoft Visual Studio Solution File, Format Version 12.00
# Visual Studio 15
VisualStudioVersion = 15.0.27130.2010
MinimumVisualStudioVersion = 10.0.40219.1
Project("{FAE04EC0-301F-11D3-BF4B-00C04F79EFBC}") = "November", "November\November.csproj", "{CF25CCFB-C4EA-4742-9FDA-3D401F18372F}"
EndProject
Global
	GlobalSection(SolutionConfigurationPlatforms) = preSolution
		Debug|Any CPU = Debug|Any CPU
		Release|Any CPU = Release|Any CPU
	EndGlobalSection
	GlobalSection(ProjectConfigurationPlatforms) = postSolution
		{CF25CCFB-C4EA-4742-9FDA-3D401F18372F}.Debug|Any CPU.ActiveCfg = Debug|Any CPU
		{CF25CCFB-C4EA-4742-9FDA-3D401F18372F}.Debug|Any CPU.Build.0 = Debug|Any CPU
		{CF25CCFB-C4EA-4742-9FDA-3D401F18372F}.Release|Any CPU.ActiveCfg = Release|Any CPU
		{CF25CCFB-C4EA-4742-9FDA-3D401F18372F}.Release|Any CPU.Build.0 = Release|Any CPU
	EndGlobalSection
	GlobalSection(SolutionProperties) = preSolution
		HideSolutionNode = FALSE
	EndGlobalSection
	GlobalSection(ExtensibilityGlobals) = postSolution
		SolutionGuid = {019646DE-5D8A-4A8A-AEFB-F685C28B3C81}
	EndGlobalSection
EndGlobal
